github.com/gen2brain/shm v0.0.0-20200228170931-49f9650110c5/go.mod h1:uF6rMu/1nvu+5DpiRLwusA6xB8zlkNoGzKn8lmYONUo=
github.com/gen2brain/shm v0.0.0-20221026125803-c33c9e32b1c8 h1:u4/UVF0sNxlqDwCptjIUTUkZW4UoZDrcHzvd2kNnF/k=
github.com/gen2brain/shm v0.0.0-20221026125803-c33c9e32b1c8/go.mod h1:uF6rMu/1nvu+5DpiRLwusA6xB8zlkNoGzKn8lmYONUo=
github.com/jezek/xgb v0.0.0-20210312150743-0e0f116e1240/go.mod h1:3P4UH/k22rXyHIJD2w4h2XMqPX4Of/eySEZq9L6wqc4=
github.com/jezek/xgb v1.1.0 h1:wnpxJzP1+rkbGclEkmwpVFQWpuE2PUGNUzP8SbfFobk=
github.com/jezek/xgb v1.1.0/go.mod h1:nrhwO0FX/enq75I7Y7G8iN1ubpSGZEiA3v9e9GyRFlk=
github.com/kbinani/screenshot v0.0.0-20210720154843-7d3a670d8329 h1:qq2nCpSrXrmvDGRxW0ruW9BVEV1CN2a9YDOExdt+U0o=
github.com/kbinani/screenshot v0.0.0-20210720154843-7d3a670d8329/go.mod h1:2VPVQDR4wO7KXHwP+DAypEy67rXf+okUx2zjgpCxZw4=
github.com/lxn/win v0.0.0-20210218163916-a377121e959e h1:H+t6A/QJMbhCSEH5rAuRxh+CtW96g0Or0Fxa9IKr4uc=
github.com/lxn/win v0.0.0-20210218163916-a377121e959e/go.mod h1:KxxjdtRkfNoYDCUP5ryK7XJJNTnpC8atvtmTheChOtk=
github.com/phpdave11/gofpdi v1.0.11/go.mod h1:vBmVV0Do6hSBHC8uKUQ71JGW+ZGQq74llk/7bXwjDoI=
github.com/phpdave11/gofpdi v1.0.13 h1:o61duiW8M9sMlkVXWlvP92sZJtGKENvW3VExs6dZukQ=
github.com/phpdave11/gofpdi v1.0.13/go.mod h1:vBmVV0Do6hSBHC8uKUQ71JGW+ZGQq74llk/7bXwjDoI=
github.com/phpdave11/gofpdi v1.0.14-0.20211212211723-1f10f9844311 h1:zyWXQ6vu27ETMpYsEMAsisQ+GqJ4e1TPvSNfdOPF0no=
github.com/phpdave11/gofpdi v1.0.14-0.20211212211723-1f10f9844311/go.mod h1:vBmVV0Do6hSBHC8uKUQ71JGW+ZGQq74llk/7bXwjDoI=
github.com/pkg/errors v0.8.1/go.mod h1:bwawxfHBFNV+L2hUp1rHADufV3IMtnDRdf1r5NINEl0=
github.com/pkg/errors v0.9.1 h1:FEBLx1zS214owpjy7qsBeixbURkuhQAwrK5UwLGTwt4=
github.com/pkg/errors v0.9.1/go.mod h1:bwawxfHBFNV+L2hUp1rHADufV3IMtnDRdf1r5NINEl0=
github.com/signintech/gopdf v0.15.1 h1:8lFdW+UX0oUkrADJv5HmhyhRP9YzMvJzkw7iSNX/35U=
github.com/signintech/gopdf v0.15.1/go.mod h1:a+E8HlIuBwghPyoo7UaoB5UaL7zklDzmYVIAHoW/Rlw=
github.com/signintech/gopdf v0.15.2 h1:S+PVAUX6ZfQkEwCyHpP19VLz/QWNVI+lTBusFLwOWc0=
github.com/signintech/gopdf v0.15.2/go.mod h1:a+E8HlIuBwghPyoo7UaoB5UaL7zklDzmYVIAHoW/Rlw=
github.com/signintech/gopdf v0.16.1 h1:p+JjxLsz4ploSmFAruCbYM3c7Hp+jEL3DWZm5SO8bAU=
github.com/signintech/gopdf v0.16.1/go.mod h1:wrLtZoWaRNrS4hphED0oflFoa6IWkOu6M3nJjm4VbO4=
golang.org/x/sys v0.0.0-20201018230417-eeed37f84f13/go.mod h1:h1NjWce9XRLGQEsW7wpKNCjG9DtNlClVuFLEZdDNbEs=
golang.org/x/sys v0.4.0 h1:Zr2JFtRQNX3BCZ8YtxRE9hNJYC8J6I1MVbMg6owUp18=
golang.org/x/sys v0.4.0/go.mod h1:oPkhp1MJrh7nUepCBck5+mAzfO9JrbApNNgaTdGDITg=
